
Microsoft Visual Studio Solution File, Format Version 12.00
# Visual Studio Version 17
VisualStudioVersion = 17.2.32516.85
MinimumVisualStudioVersion = 10.0.40219.1
Project("{8BC9CEB8-8B4A-11D0-8D11-00A0C91BC942}") = "H2Analyst", "H2Analyst\H2Analyst.vcxproj", "{9F6C9437-A6F6-46D3-BC84-58D23D81B413}"
EndProject
Global
	GlobalSection(SolutionConfigurationPlatforms) = preSolution
		Debug_CMake|x64 = Debug_CMake|x64
		Debug|x64 = Debug|x64
		Release|x64 = Release|x64
	EndGlobalSection
	GlobalSection(ProjectConfigurationPlatforms) = postSolution
		{9F6C9437-A6F6-46D3-BC84-58D23D81B413}.Debug_CMake|x64.ActiveCfg = Debug_CMake|x64
		{9F6C9437-A6F6-46D3-BC84-58D23D81B413}.Debug_CMake|x64.Build.0 = Debug_CMake|x64
		{9F6C9437-A6F6-46D3-BC84-58D23D81B413}.Debug|x64.ActiveCfg = Debug|x64
		{9F6C9437-A6F6-46D3-BC84-58D23D81B413}.Debug|x64.Build.0 = Debug|x64
		{9F6C9437-A6F6-46D3-BC84-58D23D81B413}.Release|x64.ActiveCfg = Release|x64
		{9F6C9437-A6F6-46D3-BC84-58D23D81B413}.Release|x64.Build.0 = Release|x64
	EndGlobalSection
	GlobalSection(SolutionProperties) = preSolution
		HideSolutionNode = FALSE
	EndGlobalSection
	GlobalSection(ExtensibilityGlobals) = postSolution
		SolutionGuid = {B1C235A1-6957-4080-8819-4FA45C1A977D}
	EndGlobalSection
EndGlobal
