<?xml version="1.0" encoding="utf-8"?>
<Project ToolsVersion="4.0" xmlns="http://schemas.microsoft.com/developer/msbuild/2003">
  <ItemGroup>
    <Filter Include="Source Files">
      <UniqueIdentifier>{4FC737F1-C7A5-4376-A066-2A32D752A2FF}</UniqueIdentifier>
      <Extensions>cpp;c;cc;cxx;def;odl;idl;hpj;bat;asm;asmx</Extensions>
    </Filter>
    <Filter Include="Header Files">
      <UniqueIdentifier>{93995380-89BD-4b04-88EB-625FBE52EBFB}</UniqueIdentifier>
      <Extensions>h;hh;hpp;hxx;hm;inl;inc;xsd</Extensions>
    </Filter>
    <Filter Include="Resource Files">
      <UniqueIdentifier>{67DA6AB6-F800-4c08-8B7A-83BB121AAD01}</UniqueIdentifier>
      <Extensions>qrc;rc;ico;cur;bmp;dlg;rc2;rct;bin;rgs;gif;jpg;jpeg;jpe;resx;tiff;tif;png;wav;mfcribbon-ms</Extensions>
    </Filter>
    <Filter Include="Form Files">
      <UniqueIdentifier>{99349809-55BA-4b9d-BF79-8FDBB0286EB3}</UniqueIdentifier>
      <Extensions>ui</Extensions>
    </Filter>
    <Filter Include="Translation Files">
      <UniqueIdentifier>{639EADAA-A684-42e4-A9AD-28FC9BCB8F7C}</UniqueIdentifier>
      <Extensions>ts</Extensions>
    </Filter>
  </ItemGroup>
  <ItemGroup>
    <QtRcc Include="data\H2Analyst.qrc">
      <Filter>Resource Files</Filter>
    </QtRcc>
  </ItemGroup>
  <ItemGroup>
    <ClCompile Include="src\ControlPanel.cpp">
      <Filter>Source Files</Filter>
    </ClCompile>
    <ClCompile Include="src\DataPanel.cpp">
      <Filter>Source Files</Filter>
    </ClCompile>
    <ClCompile Include="src\DataStore.cpp">
      <Filter>Source Files</Filter>
    </ClCompile>
    <ClCompile Include="src\H2Analyst.cpp">
      <Filter>Source Files</Filter>
    </ClCompile>
    <ClCompile Include="src\main.cpp">
      <Filter>Source Files</Filter>
    </ClCompile>
    <ClCompile Include="src\ParserIntCanLog.cpp">
      <Filter>Source Files</Filter>
    </ClCompile>
    <ClCompile Include="src\PlotWidget.cpp">
      <Filter>Source Files</Filter>
    </ClCompile>
    <ClCompile Include="src\Populator.cpp">
      <Filter>Source Files</Filter>
    </ClCompile>
    <ClCompile Include="src\qcustomplot.cpp">
      <Filter>Source Files</Filter>
    </ClCompile>
    <ClCompile Include="src\TreeView.cpp">
      <Filter>Source Files</Filter>
    </ClCompile>
    <ClCompile Include="src\PlotManager.cpp">
      <Filter>Source Files</Filter>
    </ClCompile>
    <ClCompile Include="src\DialogPlotLayout.cpp">
      <Filter>Source Files</Filter>
    </ClCompile>
    <ClCompile Include="src\PanelToggleButton.cpp">
      <Filter>Source Files</Filter>
    </ClCompile>
    <ClCompile Include="src\PlotCrosshairs.cpp">
      <Filter>Source Files</Filter>
    </ClCompile>
    <ClCompile Include="src\PlotLine.cpp">
      <Filter>Source Files</Filter>
    </ClCompile>
    <ClCompile Include="src\Plottable.cpp">
      <Filter>Source Files</Filter>
    </ClCompile>
    <ClCompile Include="src\TimeSeries.cpp">
      <Filter>Source Files</Filter>
    </ClCompile>
    <ClCompile Include="include\DataOperations.cpp">
      <Filter>Source Files</Filter>
    </ClCompile>
    <ClCompile Include="src\Dialogs.cpp">
      <Filter>Source Files</Filter>
    </ClCompile>
    <ClCompile Include="src\XYSeries.cpp">
      <Filter>Source Files</Filter>
    </ClCompile>
    <ClCompile Include="src\TimeCursor.cpp">
      <Filter>Source Files</Filter>
    </ClCompile>
    <ClCompile Include="src\Exporters.cpp">
      <Filter>Source Files</Filter>
    </ClCompile>
  </ItemGroup>
  <ItemGroup>
    <QtMoc Include="include\ControlPanel.h">
      <Filter>Header Files</Filter>
    </QtMoc>
    <QtMoc Include="include\DataPanel.h">
      <Filter>Header Files</Filter>
    </QtMoc>
    <QtMoc Include="include\DataStore.h">
      <Filter>Header Files</Filter>
    </QtMoc>
    <QtMoc Include="include\H2Analyst.h">
      <Filter>Header Files</Filter>
    </QtMoc>
    <QtMoc Include="include\PlotWidget.h">
      <Filter>Header Files</Filter>
    </QtMoc>
    <QtMoc Include="include\Populator.h">
      <Filter>Header Files</Filter>
    </QtMoc>
    <QtMoc Include="include\qcustomplot.h">
      <Filter>Header Files</Filter>
    </QtMoc>
    <QtMoc Include="include\PlotManager.h">
      <Filter>Header Files</Filter>
    </QtMoc>
    <QtMoc Include="include\DialogPlotLayout.h">
      <Filter>Header Files</Filter>
    </QtMoc>
    <QtMoc Include="include\PanelToggleButton.h">
      <Filter>Header Files</Filter>
    </QtMoc>
    <QtMoc Include="include\PlotCrosshairs.h">
      <Filter>Header Files</Filter>
    </QtMoc>
    <QtMoc Include="include\PlotLine.h">
      <Filter>Header Files</Filter>
    </QtMoc>
    <QtMoc Include="include\Plottable.h">
      <Filter>Header Files</Filter>
    </QtMoc>
    <QtMoc Include="include\TimeSeries.h">
      <Filter>Header Files</Filter>
    </QtMoc>
    <QtMoc Include="include\XYSeries.h">
      <Filter>Header Files</Filter>
    </QtMoc>
    <QtMoc Include="include\TimeCursor.h">
      <Filter>Header Files</Filter>
    </QtMoc>
  </ItemGroup>
  <ItemGroup>
    <ClInclude Include="include\DataStructures.h">
      <Filter>Header Files</Filter>
    </ClInclude>
    <ClInclude Include="include\Parsers.h">
      <Filter>Header Files</Filter>
    </ClInclude>
    <ClInclude Include="include\TreeView.h">
      <Filter>Header Files</Filter>
    </ClInclude>
    <ClInclude Include="include\DataOperations.h">
      <Filter>Header Files</Filter>
    </ClInclude>
    <ClInclude Include="include\Dialogs.h">
      <Filter>Header Files</Filter>
    </ClInclude>
    <ClInclude Include="include\Exporters.h">
      <Filter>Header Files</Filter>
    </ClInclude>
  </ItemGroup>
</Project>