<?xml version="1.0" encoding="utf-8"?>
<Project ToolsVersion="4.0" xmlns="http://schemas.microsoft.com/developer/msbuild/2003">
  <ItemGroup>
    <Filter Include="Source Files">
      <UniqueIdentifier>{4FC737F1-C7A5-4376-A066-2A32D752A2FF}</UniqueIdentifier>
      <Extensions>cpp;c;cc;cxx;def;odl;idl;hpj;bat;asm;asmx</Extensions>
    </Filter>
    <Filter Include="Header Files">
      <UniqueIdentifier>{93995380-89BD-4b04-88EB-625FBE52EBFB}</UniqueIdentifier>
      <Extensions>h;hh;hpp;hxx;hm;inl;inc;xsd</Extensions>
    </Filter>
    <Filter Include="Resource Files">
      <UniqueIdentifier>{67DA6AB6-F800-4c08-8B7A-83BB121AAD01}</UniqueIdentifier>
      <Extensions>qrc;rc;ico;cur;bmp;dlg;rc2;rct;bin;rgs;gif;jpg;jpeg;jpe;resx;tiff;tif;png;wav;mfcribbon-ms</Extensions>
    </Filter>
    <Filter Include="Form Files">
      <UniqueIdentifier>{99349809-55BA-4b9d-BF79-8FDBB0286EB3}</UniqueIdentifier>
      <Extensions>ui</Extensions>
    </Filter>
    <Filter Include="Translation Files">
      <UniqueIdentifier>{639EADAA-A684-42e4-A9AD-28FC9BCB8F7C}</UniqueIdentifier>
      <Extensions>ts</Extensions>
    </Filter>
    <Filter Include="Header Files\Widgets">
      <UniqueIdentifier>{ab030780-35a2-4626-8f66-7615b048a9e5}</UniqueIdentifier>
    </Filter>
    <Filter Include="Header Files\Core">
      <UniqueIdentifier>{0025674b-9799-4022-8dd8-d08dea218f11}</UniqueIdentifier>
    </Filter>
    <Filter Include="Header Files\Utilities">
      <UniqueIdentifier>{79709c24-e3f0-4e7f-9ea9-673856315857}</UniqueIdentifier>
    </Filter>
    <Filter Include="Source Files\Core">
      <UniqueIdentifier>{fd5d54d4-4df0-4991-b69e-845f56fb17c1}</UniqueIdentifier>
    </Filter>
    <Filter Include="Source Files\Utilities">
      <UniqueIdentifier>{dd5b9f3e-5fc5-48df-825a-1bb90b8574b2}</UniqueIdentifier>
    </Filter>
    <Filter Include="Source Files\Widgets">
      <UniqueIdentifier>{3251bb6f-1486-4ac1-97f3-b2baf9a25976}</UniqueIdentifier>
    </Filter>
  </ItemGroup>
  <ItemGroup>
    <QtRcc Include="data\H2Analyst.qrc">
      <Filter>Resource Files</Filter>
    </QtRcc>
  </ItemGroup>
  <ItemGroup>
    <QtMoc Include="application\Widgets\include\ControlPanel.h">
      <Filter>Header Files\Widgets</Filter>
    </QtMoc>
    <QtMoc Include="application\Widgets\include\DataPanel.h">
      <Filter>Header Files\Widgets</Filter>
    </QtMoc>
    <QtMoc Include="application\Widgets\include\DialogPlotLayout.h">
      <Filter>Header Files\Widgets</Filter>
    </QtMoc>
    <QtMoc Include="application\Widgets\include\PanelToggleButton.h">
      <Filter>Header Files\Widgets</Filter>
    </QtMoc>
    <QtMoc Include="application\Widgets\include\PlotCrosshairs.h">
      <Filter>Header Files\Widgets</Filter>
    </QtMoc>
    <QtMoc Include="application\Widgets\include\PlotLine.h">
      <Filter>Header Files\Widgets</Filter>
    </QtMoc>
    <QtMoc Include="application\Widgets\include\PlotManager.h">
      <Filter>Header Files\Widgets</Filter>
    </QtMoc>
    <QtMoc Include="application\Widgets\include\PlotRubberband.h">
      <Filter>Header Files\Widgets</Filter>
    </QtMoc>
    <QtMoc Include="application\Widgets\include\Plottable.h">
      <Filter>Header Files\Widgets</Filter>
    </QtMoc>
    <QtMoc Include="application\Widgets\include\PlotWidget.h">
      <Filter>Header Files\Widgets</Filter>
    </QtMoc>
    <QtMoc Include="application\Widgets\include\qcustomplot.h">
      <Filter>Header Files\Widgets</Filter>
    </QtMoc>
    <QtMoc Include="application\Widgets\include\TimeCursor.h">
      <Filter>Header Files\Widgets</Filter>
    </QtMoc>
    <QtMoc Include="application\Widgets\include\TimeSeries.h">
      <Filter>Header Files\Widgets</Filter>
    </QtMoc>
    <QtMoc Include="application\Widgets\include\XYSeries.h">
      <Filter>Header Files\Widgets</Filter>
    </QtMoc>
    <QtMoc Include="application\Utilities\include\Populator.h">
      <Filter>Header Files\Utilities</Filter>
    </QtMoc>
    <QtMoc Include="application\Core\include\DataStore.h">
      <Filter>Header Files\Core</Filter>
    </QtMoc>
    <QtMoc Include="application\Core\include\H2Analyst.h">
      <Filter>Header Files\Core</Filter>
    </QtMoc>
    <QtMoc Include="application\Core\include\SettingsManager.h">
      <Filter>Header Files\Core</Filter>
    </QtMoc>
    <QtMoc Include="application\Widgets\include\AbstractPlot.h">
      <Filter>Header Files\Widgets</Filter>
    </QtMoc>
  </ItemGroup>
  <ItemGroup>
    <ClInclude Include="application\Widgets\include\Dialogs.h">
      <Filter>Header Files\Widgets</Filter>
    </ClInclude>
    <ClInclude Include="application\Widgets\include\PlotDefinitions.h">
      <Filter>Header Files\Widgets</Filter>
    </ClInclude>
    <ClInclude Include="application\Widgets\include\SpecialPlots.h">
      <Filter>Header Files\Widgets</Filter>
    </ClInclude>
    <ClInclude Include="application\Widgets\include\TreeView.h">
      <Filter>Header Files\Widgets</Filter>
    </ClInclude>
    <ClInclude Include="application\Utilities\include\DataOperations.h">
      <Filter>Header Files\Utilities</Filter>
    </ClInclude>
    <ClInclude Include="application\Utilities\include\Exporters.h">
      <Filter>Header Files\Utilities</Filter>
    </ClInclude>
    <ClInclude Include="application\Utilities\include\Parsers.h">
      <Filter>Header Files\Utilities</Filter>
    </ClInclude>
    <ClInclude Include="application\Utilities\include\Timestamp.h">
      <Filter>Header Files\Utilities</Filter>
    </ClInclude>
    <ClInclude Include="application\Core\include\DataStructures.h">
      <Filter>Header Files\Core</Filter>
    </ClInclude>
    <ClInclude Include="application\Core\include\Namespace.h">
      <Filter>Header Files\Core</Filter>
    </ClInclude>
  </ItemGroup>
  <ItemGroup>
    <ClCompile Include="application\Core\src\DataStore.cpp">
      <Filter>Source Files\Core</Filter>
    </ClCompile>
    <ClCompile Include="application\Core\src\DataStructures.cpp">
      <Filter>Source Files\Core</Filter>
    </ClCompile>
    <ClCompile Include="application\Core\src\H2Analyst.cpp">
      <Filter>Source Files\Core</Filter>
    </ClCompile>
    <ClCompile Include="application\Core\src\main.cpp">
      <Filter>Source Files\Core</Filter>
    </ClCompile>
    <ClCompile Include="application\Core\src\SettingsManager.cpp">
      <Filter>Source Files\Core</Filter>
    </ClCompile>
    <ClCompile Include="application\Utilities\src\DataOperations.cpp">
      <Filter>Source Files\Utilities</Filter>
    </ClCompile>
    <ClCompile Include="application\Utilities\src\Exporters.cpp">
      <Filter>Source Files\Utilities</Filter>
    </ClCompile>
    <ClCompile Include="application\Utilities\src\ParserIntCanLog.cpp">
      <Filter>Source Files\Utilities</Filter>
    </ClCompile>
    <ClCompile Include="application\Utilities\src\Populator.cpp">
      <Filter>Source Files\Utilities</Filter>
    </ClCompile>
    <ClCompile Include="application\Utilities\src\Timestamp.cpp">
      <Filter>Source Files\Utilities</Filter>
    </ClCompile>
    <ClCompile Include="application\Widgets\src\ControlPanel.cpp">
      <Filter>Source Files\Widgets</Filter>
    </ClCompile>
    <ClCompile Include="application\Widgets\src\DataPanel.cpp">
      <Filter>Source Files\Widgets</Filter>
    </ClCompile>
    <ClCompile Include="application\Widgets\src\DialogPlotLayout.cpp">
      <Filter>Source Files\Widgets</Filter>
    </ClCompile>
    <ClCompile Include="application\Widgets\src\Dialogs.cpp">
      <Filter>Source Files\Widgets</Filter>
    </ClCompile>
    <ClCompile Include="application\Widgets\src\PanelToggleButton.cpp">
      <Filter>Source Files\Widgets</Filter>
    </ClCompile>
    <ClCompile Include="application\Widgets\src\PlotCrosshairs.cpp">
      <Filter>Source Files\Widgets</Filter>
    </ClCompile>
    <ClCompile Include="application\Widgets\src\PlotLine.cpp">
      <Filter>Source Files\Widgets</Filter>
    </ClCompile>
    <ClCompile Include="application\Widgets\src\PlotManager.cpp">
      <Filter>Source Files\Widgets</Filter>
    </ClCompile>
    <ClCompile Include="application\Widgets\src\PlotRubberband.cpp">
      <Filter>Source Files\Widgets</Filter>
    </ClCompile>
    <ClCompile Include="application\Widgets\src\Plottable.cpp">
      <Filter>Source Files\Widgets</Filter>
    </ClCompile>
    <ClCompile Include="application\Widgets\src\PlotWidget.cpp">
      <Filter>Source Files\Widgets</Filter>
    </ClCompile>
    <ClCompile Include="application\Widgets\src\qcustomplot.cpp">
      <Filter>Source Files\Widgets</Filter>
    </ClCompile>
    <ClCompile Include="application\Widgets\src\SpecialPlots.cpp">
      <Filter>Source Files\Widgets</Filter>
    </ClCompile>
    <ClCompile Include="application\Widgets\src\TimeCursor.cpp">
      <Filter>Source Files\Widgets</Filter>
    </ClCompile>
    <ClCompile Include="application\Widgets\src\TimeSeries.cpp">
      <Filter>Source Files\Widgets</Filter>
    </ClCompile>
    <ClCompile Include="application\Widgets\src\TreeView.cpp">
      <Filter>Source Files\Widgets</Filter>
    </ClCompile>
    <ClCompile Include="application\Widgets\src\XYSeries.cpp">
      <Filter>Source Files\Widgets</Filter>
    </ClCompile>
  </ItemGroup>
</Project>